
Microsoft Visual Studio Solution File, Format Version 12.00
# Visual Studio Version 17
VisualStudioVersion = 17.3.32825.248
MinimumVisualStudioVersion = 10.0.40219.1
Project("{FAE04EC0-301F-11D3-BF4B-00C04F79EFBC}") = "CustomGraffiti", "CustomGraffiti\CustomGraffiti.csproj", "{599D5395-7651-401E-8755-C3E08BDADEAD}"
EndProject
Global
	GlobalSection(SolutionConfigurationPlatforms) = preSolution
		Debug|Any CPU = Debug|Any CPU
		Release|Any CPU = Release|Any CPU
	EndGlobalSection
	GlobalSection(ProjectConfigurationPlatforms) = postSolution
		{599D5395-7651-401E-8755-C3E08BDADEAD}.Debug|Any CPU.ActiveCfg = Debug|Any CPU
		{599D5395-7651-401E-8755-C3E08BDADEAD}.Debug|Any CPU.Build.0 = Debug|Any CPU
		{599D5395-7651-401E-8755-C3E08BDADEAD}.Release|Any CPU.ActiveCfg = Release|Any CPU
		{599D5395-7651-401E-8755-C3E08BDADEAD}.Release|Any CPU.Build.0 = Release|Any CPU
	EndGlobalSection
	GlobalSection(SolutionProperties) = preSolution
		HideSolutionNode = FALSE
	EndGlobalSection
	GlobalSection(ExtensibilityGlobals) = postSolution
		SolutionGuid = {21C96FB4-0B8A-4854-8CBA-A5664BE071E8}
	EndGlobalSection
EndGlobal
